
Microsoft Visual Studio Solution File, Format Version 12.00
# Visual Studio 15
VisualStudioVersion = 15.0.27703.2026
MinimumVisualStudioVersion = 10.0.40219.1
Project("{FAE04EC0-301F-11D3-BF4B-00C04F79EFBC}") = "StartOptions", "StartOptions\StartOptions.csproj", "{4E18643B-6300-4C37-AFC5-3104E9E7BB92}"
EndProject
Global
	GlobalSection(SolutionConfigurationPlatforms) = preSolution
		Debug|Any CPU = Debug|Any CPU
		Release|Any CPU = Release|Any CPU
	EndGlobalSection
	GlobalSection(ProjectConfigurationPlatforms) = postSolution
		{4E18643B-6300-4C37-AFC5-3104E9E7BB92}.Debug|Any CPU.ActiveCfg = Debug|Any CPU
		{4E18643B-6300-4C37-AFC5-3104E9E7BB92}.Debug|Any CPU.Build.0 = Debug|Any CPU
		{4E18643B-6300-4C37-AFC5-3104E9E7BB92}.Release|Any CPU.ActiveCfg = Release|Any CPU
		{4E18643B-6300-4C37-AFC5-3104E9E7BB92}.Release|Any CPU.Build.0 = Release|Any CPU
	EndGlobalSection
	GlobalSection(SolutionProperties) = preSolution
		HideSolutionNode = FALSE
	EndGlobalSection
	GlobalSection(ExtensibilityGlobals) = postSolution
		SolutionGuid = {FC3A5473-9856-4307-BA26-6677FD3529E1}
	EndGlobalSection
EndGlobal
